Microsoft Visual Studio Solution File, Format Version 11.00
# Visual Studio 2008

Project("{CB42337B-EB5F-4777-8C4D-081877696614}") = "Ass2-platform", "Assembly-CSharp.csproj", "{566F1D91-28ED-754C-9FAC-CD8398E27633}"
EndProject
Global
	GlobalSection(SolutionConfigurationPlatforms) = preSolution
		Debug|Any CPU = Debug|Any CPU
		Release|Any CPU = Release|Any CPU
	EndGlobalSection
	GlobalSection(ProjectConfigurationPlatforms) = postSolution
		{566F1D91-28ED-754C-9FAC-CD8398E27633}.Debug|Any CPU.ActiveCfg = Debug|Any CPU
		{566F1D91-28ED-754C-9FAC-CD8398E27633}.Debug|Any CPU.Build.0 = Debug|Any CPU
		{566F1D91-28ED-754C-9FAC-CD8398E27633}.Release|Any CPU.ActiveCfg = Release|Any CPU
		{566F1D91-28ED-754C-9FAC-CD8398E27633}.Release|Any CPU.Build.0 = Release|Any CPU
	EndGlobalSection
	GlobalSection(SolutionProperties) = preSolution
		HideSolutionNode = FALSE
	EndGlobalSection
	GlobalSection(MonoDevelopProperties) = preSolution
		StartupItem = Assembly-CSharp.csproj
	EndGlobalSection
EndGlobal
